
Microsoft Visual Studio Solution File, Format Version 12.00
# Visual Studio 15
VisualStudioVersion = 15.0.26228.9
MinimumVisualStudioVersion = 10.0.40219.1
Project("{FAE04EC0-301F-11D3-BF4B-00C04F79EFBC}") = "p4_jwm8483_client", "p4_jwm8483_client\p4_jwm8483_client.csproj", "{728E3587-435C-4CC0-BD2A-4BD8835FEC37}"
EndProject
Global
	GlobalSection(SolutionConfigurationPlatforms) = preSolution
		Debug|Any CPU = Debug|Any CPU
		Release|Any CPU = Release|Any CPU
	EndGlobalSection
	GlobalSection(ProjectConfigurationPlatforms) = postSolution
		{728E3587-435C-4CC0-BD2A-4BD8835FEC37}.Debug|Any CPU.ActiveCfg = Debug|Any CPU
		{728E3587-435C-4CC0-BD2A-4BD8835FEC37}.Debug|Any CPU.Build.0 = Debug|Any CPU
		{728E3587-435C-4CC0-BD2A-4BD8835FEC37}.Release|Any CPU.ActiveCfg = Release|Any CPU
		{728E3587-435C-4CC0-BD2A-4BD8835FEC37}.Release|Any CPU.Build.0 = Release|Any CPU
	EndGlobalSection
	GlobalSection(SolutionProperties) = preSolution
		HideSolutionNode = FALSE
	EndGlobalSection
EndGlobal
